PODS:
  - ActionSheetPicker-3.0 (2.3.1)
  - Alamofire (4.9.1)
  - Stripe (21.12.0):
    - Stripe/Stripe3DS2 (= 21.12.0)
    - StripeApplePay (= 21.12.0)
    - StripeCore (= 21.12.0)
    - StripeUICore (= 21.12.0)
  - Stripe/Stripe3DS2 (21.12.0):
    - StripeApplePay (= 21.12.0)
    - StripeCore (= 21.12.0)
    - StripeUICore (= 21.12.0)
  - StripeApplePay (21.12.0):
    - StripeCore (= 21.12.0)
  - StripeCore (21.12.0)
  - StripeUICore (21.12.0):
    - StripeCore (= 21.12.0)

DEPENDENCIES:
  - ActionSheetPicker-3.0 (~> 2.3.0)
  - Alamofire (~> 4.0)
  - Stripe

SPEC REPOS:
  https://github.com/CocoaPods/Specs.git:
    - ActionSheetPicker-3.0
    - Stripe
    - StripeApplePay
    - StripeCore
    - StripeUICore
  trunk:
    - Alamofire

SPEC CHECKSUMS:
  ActionSheetPicker-3.0: 2f5e3fde6b3205a7318f9338e4ec0f373ce7e75c
  Alamofire: 85e8a02c69d6020a0d734f6054870d7ecb75cf18
  Stripe: c3692f360abcdfeef9751e3c240e7efbc68b921f
  StripeApplePay: 14db90fdf89abb2809ce41fc68bc6b1a86221408
  StripeCore: 5e38cdea3dc176a32d8797ef312fe1ab41571272
  StripeUICore: c28e371b385f968388ae38bedb93a2723c078442

PODFILE CHECKSUM: ce2b5bc0a0481465cbcfc4f2dec663e5ec0b27c5

COCOAPODS: 1.11.2
